
Microsoft Visual Studio Solution File, Format Version 12.00
# Visual Studio Version 17
VisualStudioVersion = 17.9.34723.18
MinimumVisualStudioVersion = 10.0.40219.1
Project("{9A19103F-16F7-4668-BE54-9A1E7A4F7556}") = "LivrariaAT", "LivrariaAT\LivrariaAT.csproj", "{12942DF1-1225-42B4-8C28-82D1118D3950}"
EndProject
Project("{9A19103F-16F7-4668-BE54-9A1E7A4F7556}") = "WebLivrariaAT", "WebLivrariaAT\WebLivrariaAT.csproj", "{506E548A-B7A0-47AD-9139-35D106442466}"
EndProject
Project("{2150E333-8FDC-42A3-9474-1A3956D46DE8}") = "Testes", "Testes", "{5B5B8E63-94F3-4A9C-9ECD-EDB7FBE97E67}"
EndProject
Project("{FAE04EC0-301F-11D3-BF4B-00C04F79EFBC}") = "TestesUnitarios", "TestesUnitarios\TestesUnitarios.csproj", "{844BE890-2273-4FC7-9903-5B9D4705A672}"
EndProject
Global
	GlobalSection(SolutionConfigurationPlatforms) = preSolution
		Debug|Any CPU = Debug|Any CPU
		Release|Any CPU = Release|Any CPU
	EndGlobalSection
	GlobalSection(ProjectConfigurationPlatforms) = postSolution
		{12942DF1-1225-42B4-8C28-82D1118D3950}.Debug|Any CPU.ActiveCfg = Debug|Any CPU
		{12942DF1-1225-42B4-8C28-82D1118D3950}.Debug|Any CPU.Build.0 = Debug|Any CPU
		{12942DF1-1225-42B4-8C28-82D1118D3950}.Release|Any CPU.ActiveCfg = Release|Any CPU
		{12942DF1-1225-42B4-8C28-82D1118D3950}.Release|Any CPU.Build.0 = Release|Any CPU
		{506E548A-B7A0-47AD-9139-35D106442466}.Debug|Any CPU.ActiveCfg = Debug|Any CPU
		{506E548A-B7A0-47AD-9139-35D106442466}.Debug|Any CPU.Build.0 = Debug|Any CPU
		{506E548A-B7A0-47AD-9139-35D106442466}.Release|Any CPU.ActiveCfg = Release|Any CPU
		{506E548A-B7A0-47AD-9139-35D106442466}.Release|Any CPU.Build.0 = Release|Any CPU
		{844BE890-2273-4FC7-9903-5B9D4705A672}.Debug|Any CPU.ActiveCfg = Debug|Any CPU
		{844BE890-2273-4FC7-9903-5B9D4705A672}.Debug|Any CPU.Build.0 = Debug|Any CPU
		{844BE890-2273-4FC7-9903-5B9D4705A672}.Release|Any CPU.ActiveCfg = Release|Any CPU
		{844BE890-2273-4FC7-9903-5B9D4705A672}.Release|Any CPU.Build.0 = Release|Any CPU
	EndGlobalSection
	GlobalSection(SolutionProperties) = preSolution
		HideSolutionNode = FALSE
	EndGlobalSection
	GlobalSection(NestedProjects) = preSolution
		{844BE890-2273-4FC7-9903-5B9D4705A672} = {5B5B8E63-94F3-4A9C-9ECD-EDB7FBE97E67}
	EndGlobalSection
	GlobalSection(ExtensibilityGlobals) = postSolution
		SolutionGuid = {E0B1DA6F-3768-4172-9B10-E92B877C3973}
	EndGlobalSection
EndGlobal
